// !$*UTF8*$!
{
	archiveVersion = 1;
	classes = {
	};
	objectVersion = 50;
	objects = {

/* Begin PBXBuildFile section */
		6B0AC7432252FC5D00B58C69 /* main.cpp in Sources */ = {isa = PBXBuildFile; fileRef = 6B0AC7422252FC5D00B58C69 /* main.cpp */; };
		6B3498DB2269643400E7E4EC /* stat.cpp in Sources */ = {isa = PBXBuildFile; fileRef = 6B3498DA2269643400E7E4EC /* stat.cpp */; };
		6B5343722255B43F003CDBD0 /* serialize.cpp in Sources */ = {isa = PBXBuildFile; fileRef = 6B5343712255B43F003CDBD0 /* serialize.cpp */; };
		6B74B76F2254748200A69BC0 /* stream.cpp in Sources */ = {isa = PBXBuildFile; fileRef = 6B74B76D2254748200A69BC0 /* stream.cpp */; };
		6B74B77222548A0900A69BC0 /* snapshot.cpp in Sources */ = {isa = PBXBuildFile; fileRef = 6B74B77122548A0900A69BC0 /* snapshot.cpp */; };
		6BCA665022575EE100A4C96A /* crawler.cpp in Sources */ = {isa = PBXBuildFile; fileRef = 6BCA664F22575EE100A4C96A /* crawler.cpp */; };
		6BCA665322584B6100A4C96A /* heap.cpp in Sources */ = {isa = PBXBuildFile; fileRef = 6BCA665222584B6100A4C96A /* heap.cpp */; };
		6BD1B05D227F15FB00E3CBD7 /* main.cpp in Sources */ = {isa = PBXBuildFile; fileRef = 6BD1B05C227F15FB00E3CBD7 /* main.cpp */; };
		6BD1B068227F1C8700E3CBD7 /* record.cpp in Sources */ = {isa = PBXBuildFile; fileRef = 6BD1B066227F1C8700E3CBD7 /* record.cpp */; };
		6BD1B06B227F1DD300E3CBD7 /* utils.cpp in Sources */ = {isa = PBXBuildFile; fileRef = 6BD1B069227F1DD300E3CBD7 /* utils.cpp */; };
		6BD1B06C227F252B00E3CBD7 /* stream.cpp in Sources */ = {isa = PBXBuildFile; fileRef = 6B74B76D2254748200A69BC0 /* stream.cpp */; };
		6BD1B06D227F284900E3CBD7 /* utils.cpp in Sources */ = {isa = PBXBuildFile; fileRef = 6BD1B069227F1DD300E3CBD7 /* utils.cpp */; };
		6BD1B06E227F2D1000E3CBD7 /* crawler.cpp in Sources */ = {isa = PBXBuildFile; fileRef = 6BCA664F22575EE100A4C96A /* crawler.cpp */; };
		6BD1B06F227F2D6E00E3CBD7 /* snapshot.cpp in Sources */ = {isa = PBXBuildFile; fileRef = 6B74B77122548A0900A69BC0 /* snapshot.cpp */; };
		6BD1B070227F2D7100E3CBD7 /* serialize.cpp in Sources */ = {isa = PBXBuildFile; fileRef = 6B5343712255B43F003CDBD0 /* serialize.cpp */; };
		6BD1B071227F2D7600E3CBD7 /* heap.cpp in Sources */ = {isa = PBXBuildFile; fileRef = 6BCA665222584B6100A4C96A /* heap.cpp */; };
		6BD1B072227F2D7A00E3CBD7 /* cache.cpp in Sources */ = {isa = PBXBuildFile; fileRef = 6BE889A2225CA16B0029BB09 /* cache.cpp */; };
		6BD1B073227F2D7D00E3CBD7 /* stat.cpp in Sources */ = {isa = PBXBuildFile; fileRef = 6B3498DA2269643400E7E4EC /* stat.cpp */; };
		6BD1B074227F2DAE00E3CBD7 /* libsqlite3.tbd in Frameworks */ = {isa = PBXBuildFile; fileRef = 6BE8899F225C9FF90029BB09 /* libsqlite3.tbd */; };
		6BE889A0225C9FFA0029BB09 /* libsqlite3.tbd in Frameworks */ = {isa = PBXBuildFile; fileRef = 6BE8899F225C9FF90029BB09 /* libsqlite3.tbd */; };
		6BE889A3225CA16B0029BB09 /* cache.cpp in Sources */ = {isa = PBXBuildFile; fileRef = 6BE889A2225CA16B0029BB09 /* cache.cpp */; };
/* End PBXBuildFile section */

/* Begin PBXCopyFilesBuildPhase section */
		6B0AC73D2252FC5D00B58C69 /* CopyFiles */ = {
			isa = PBXCopyFilesBuildPhase;
			buildActionMask = 2147483647;
			dstPath = /usr/share/man/man1/;
			dstSubfolderSpec = 0;
			files = (
			);
			runOnlyForDeploymentPostprocessing = 1;
		};
		6BD1B058227F15FB00E3CBD7 /* CopyFiles */ = {
			isa = PBXCopyFilesBuildPhase;
			buildActionMask = 2147483647;
			dstPath = /usr/share/man/man1/;
			dstSubfolderSpec = 0;
			files = (
			);
			runOnlyForDeploymentPostprocessing = 1;
		};
/* End PBXCopyFilesBuildPhase section */

/* Begin PBXFileReference section */
		6B0AC73F2252FC5D00B58C69 /* MemoryCrawler */ = {isa = PBXFileReference; explicitFileType = "compiled.mach-o.executable"; includeInIndex = 0; path = MemoryCrawler; sourceTree = BUILT_PRODUCTS_DIR; };
		6B0AC7422252FC5D00B58C69 /* main.cpp */ = {isa = PBXFileReference; lastKnownFileType = sourcecode.cpp.cpp; path = main.cpp; sourceTree = "<group>"; };
		6B3498D92269643400E7E4EC /* stat.h */ = {isa = PBXFileReference; lastKnownFileType = sourcecode.c.h; path = stat.h; sourceTree = "<group>"; };
		6B3498DA2269643400E7E4EC /* stat.cpp */ = {isa = PBXFileReference; lastKnownFileType = sourcecode.cpp.cpp; path = stat.cpp; sourceTree = "<group>"; };
		6B51B439225470A000E05EAE /* snapshot.h */ = {isa = PBXFileReference; fileEncoding = 4; lastKnownFileType = sourcecode.c.h; path = snapshot.h; sourceTree = "<group>"; };
		6B5343702255B43E003CDBD0 /* serialize.h */ = {isa = PBXFileReference; lastKnownFileType = sourcecode.c.h; path = serialize.h; sourceTree = "<group>"; };
		6B5343712255B43F003CDBD0 /* serialize.cpp */ = {isa = PBXFileReference; lastKnownFileType = sourcecode.cpp.cpp; path = serialize.cpp; sourceTree = "<group>"; };
		6B5343732255B61C003CDBD0 /* perf.h */ = {isa = PBXFileReference; lastKnownFileType = sourcecode.c.h; path = perf.h; sourceTree = "<group>"; };
		6B74B76D2254748200A69BC0 /* stream.cpp */ = {isa = PBXFileReference; lastKnownFileType = sourcecode.cpp.cpp; path = stream.cpp; sourceTree = "<group>"; };
		6B74B76E2254748200A69BC0 /* stream.h */ = {isa = PBXFileReference; lastKnownFileType = sourcecode.c.h; path = stream.h; sourceTree = "<group>"; };
		6B74B7702254838500A69BC0 /* types.h */ = {isa = PBXFileReference; lastKnownFileType = sourcecode.c.h; path = types.h; sourceTree = "<group>"; };
		6B74B77122548A0900A69BC0 /* snapshot.cpp */ = {isa = PBXFileReference; lastKnownFileType = sourcecode.cpp.cpp; path = snapshot.cpp; sourceTree = "<group>"; };
		6B87DD0F2265CCC6001B0BE3 /* leak.h */ = {isa = PBXFileReference; lastKnownFileType = sourcecode.c.h; path = leak.h; sourceTree = "<group>"; };
		6BCA664E22575EE100A4C96A /* crawler.h */ = {isa = PBXFileReference; lastKnownFileType = sourcecode.c.h; path = crawler.h; sourceTree = "<group>"; };
		6BCA664F22575EE100A4C96A /* crawler.cpp */ = {isa = PBXFileReference; lastKnownFileType = sourcecode.cpp.cpp; path = crawler.cpp; sourceTree = "<group>"; };
		6BCA665122584B6100A4C96A /* heap.h */ = {isa = PBXFileReference; lastKnownFileType = sourcecode.c.h; path = heap.h; sourceTree = "<group>"; };
		6BCA665222584B6100A4C96A /* heap.cpp */ = {isa = PBXFileReference; lastKnownFileType = sourcecode.cpp.cpp; path = heap.cpp; sourceTree = "<group>"; };
		6BD1B05A227F15FB00E3CBD7 /* UnityProfiler */ = {isa = PBXFileReference; explicitFileType = "compiled.mach-o.executable"; includeInIndex = 0; path = UnityProfiler; sourceTree = BUILT_PRODUCTS_DIR; };
		6BD1B05C227F15FB00E3CBD7 /* main.cpp */ = {isa = PBXFileReference; lastKnownFileType = sourcecode.cpp.cpp; path = main.cpp; sourceTree = "<group>"; };
		6BD1B066227F1C8700E3CBD7 /* record.cpp */ = {isa = PBXFileReference; lastKnownFileType = sourcecode.cpp.cpp; path = record.cpp; sourceTree = "<group>"; };
		6BD1B067227F1C8700E3CBD7 /* record.h */ = {isa = PBXFileReference; lastKnownFileType = sourcecode.c.h; path = record.h; sourceTree = "<group>"; };
		6BD1B069227F1DD300E3CBD7 /* utils.cpp */ = {isa = PBXFileReference; lastKnownFileType = sourcecode.cpp.cpp; path = utils.cpp; sourceTree = "<group>"; };
		6BD1B06A227F1DD300E3CBD7 /* utils.h */ = {isa = PBXFileReference; lastKnownFileType = sourcecode.c.h; path = utils.h; sourceTree = "<group>"; };
		6BE8899F225C9FF90029BB09 /* libsqlite3.tbd */ = {isa = PBXFileReference; lastKnownFileType = "sourcecode.text-based-dylib-definition"; name = libsqlite3.tbd; path = usr/lib/libsqlite3.tbd; sourceTree = SDKROOT; };
		6BE889A1225CA16B0029BB09 /* cache.h */ = {isa = PBXFileReference; lastKnownFileType = sourcecode.c.h; path = cache.h; sourceTree = "<group>"; };
		6BE889A2225CA16B0029BB09 /* cache.cpp */ = {isa = PBXFileReference; lastKnownFileType = sourcecode.cpp.cpp; path = cache.cpp; sourceTree = "<group>"; };
/* End PBXFileReference section */

/* Begin PBXFrameworksBuildPhase section */
		6B0AC73C2252FC5D00B58C69 /* Frameworks */ = {
			isa = PBXFrameworksBuildPhase;
			buildActionMask = 2147483647;
			files = (
				6BE889A0225C9FFA0029BB09 /* libsqlite3.tbd in Frameworks */,
			);
			runOnlyForDeploymentPostprocessing = 0;
		};
		6BD1B057227F15FB00E3CBD7 /* Frameworks */ = {
			isa = PBXFrameworksBuildPhase;
			buildActionMask = 2147483647;
			files = (
				6BD1B074227F2DAE00E3CBD7 /* libsqlite3.tbd in Frameworks */,
			);
			runOnlyForDeploymentPostprocessing = 0;
		};
/* End PBXFrameworksBuildPhase section */

/* Begin PBXGroup section */
		6B0AC7362252FC5D00B58C69 = {
			isa = PBXGroup;
			children = (
				6B0AC7412252FC5D00B58C69 /* MemoryCrawler */,
				6BD1B05B227F15FB00E3CBD7 /* UnityProfiler */,
				6B0AC7402252FC5D00B58C69 /* Products */,
				6BE8899E225C9FF60029BB09 /* Frameworks */,
			);
			sourceTree = "<group>";
		};
		6B0AC7402252FC5D00B58C69 /* Products */ = {
			isa = PBXGroup;
			children = (
				6B0AC73F2252FC5D00B58C69 /* MemoryCrawler */,
				6BD1B05A227F15FB00E3CBD7 /* UnityProfiler */,
			);
			name = Products;
			sourceTree = "<group>";
		};
		6B0AC7412252FC5D00B58C69 /* MemoryCrawler */ = {
			isa = PBXGroup;
			children = (
				6B51B43B2254735E00E05EAE /* Crawler */,
				6B0AC7422252FC5D00B58C69 /* main.cpp */,
				6BD1B069227F1DD300E3CBD7 /* utils.cpp */,
				6BD1B06A227F1DD300E3CBD7 /* utils.h */,
			);
			path = MemoryCrawler;
			sourceTree = "<group>";
		};
		6B51B43B2254735E00E05EAE /* Crawler */ = {
			isa = PBXGroup;
			children = (
				6B74B76D2254748200A69BC0 /* stream.cpp */,
				6B74B76E2254748200A69BC0 /* stream.h */,
				6B74B77122548A0900A69BC0 /* snapshot.cpp */,
				6B51B439225470A000E05EAE /* snapshot.h */,
				6B74B7702254838500A69BC0 /* types.h */,
				6B5343702255B43E003CDBD0 /* serialize.h */,
				6B5343712255B43F003CDBD0 /* serialize.cpp */,
				6B5343732255B61C003CDBD0 /* perf.h */,
				6BCA664E22575EE100A4C96A /* crawler.h */,
				6BCA664F22575EE100A4C96A /* crawler.cpp */,
				6BCA665122584B6100A4C96A /* heap.h */,
				6BCA665222584B6100A4C96A /* heap.cpp */,
				6BE889A1225CA16B0029BB09 /* cache.h */,
				6BE889A2225CA16B0029BB09 /* cache.cpp */,
				6B87DD0F2265CCC6001B0BE3 /* leak.h */,
				6B3498D92269643400E7E4EC /* stat.h */,
				6B3498DA2269643400E7E4EC /* stat.cpp */,
			);
			path = Crawler;
			sourceTree = "<group>";
		};
		6BD1B05B227F15FB00E3CBD7 /* UnityProfiler */ = {
			isa = PBXGroup;
			children = (
				6BD1B065227F1C5300E3CBD7 /* Crawler */,
				6BD1B05C227F15FB00E3CBD7 /* main.cpp */,
			);
			path = UnityProfiler;
			sourceTree = "<group>";
		};
		6BD1B065227F1C5300E3CBD7 /* Crawler */ = {
			isa = PBXGroup;
			children = (
				6BD1B066227F1C8700E3CBD7 /* record.cpp */,
				6BD1B067227F1C8700E3CBD7 /* record.h */,
			);
			path = Crawler;
			sourceTree = "<group>";
		};
		6BE8899E225C9FF60029BB09 /* Frameworks */ = {
			isa = PBXGroup;
			children = (
				6BE8899F225C9FF90029BB09 /* libsqlite3.tbd */,
			);
			name = Frameworks;
			sourceTree = "<group>";
		};
/* End PBXGroup section */

/* Begin PBXNativeTarget section */
		6B0AC73E2252FC5D00B58C69 /* MemoryCrawler */ = {
			isa = PBXNativeTarget;
			buildConfigurationList = 6B0AC7462252FC5D00B58C69 /* Build configuration list for PBXNativeTarget "MemoryCrawler" */;
			buildPhases = (
				6B0AC73B2252FC5D00B58C69 /* Sources */,
				6B0AC73C2252FC5D00B58C69 /* Frameworks */,
				6B0AC73D2252FC5D00B58C69 /* CopyFiles */,
			);
			buildRules = (
			);
			dependencies = (
			);
			name = MemoryCrawler;
			productName = MemoryCrawler;
			productReference = 6B0AC73F2252FC5D00B58C69 /* MemoryCrawler */;
			productType = "com.apple.product-type.tool";
		};
		6BD1B059227F15FB00E3CBD7 /* UnityProfiler */ = {
			isa = PBXNativeTarget;
			buildConfigurationList = 6BD1B060227F15FB00E3CBD7 /* Build configuration list for PBXNativeTarget "UnityProfiler" */;
			buildPhases = (
				6BD1B056227F15FB00E3CBD7 /* Sources */,
				6BD1B057227F15FB00E3CBD7 /* Frameworks */,
				6BD1B058227F15FB00E3CBD7 /* CopyFiles */,
			);
			buildRules = (
			);
			dependencies = (
			);
			name = UnityProfiler;
			productName = UnityProfiler;
			productReference = 6BD1B05A227F15FB00E3CBD7 /* UnityProfiler */;
			productType = "com.apple.product-type.tool";
		};
/* End PBXNativeTarget section */

/* Begin PBXProject section */
		6B0AC7372252FC5D00B58C69 /* Project object */ = {
			isa = PBXProject;
			attributes = {
				LastUpgradeCheck = 1020;
				ORGANIZATIONNAME = larryhou;
				TargetAttributes = {
					6B0AC73E2252FC5D00B58C69 = {
						CreatedOnToolsVersion = 10.2;
					};
					6BD1B059227F15FB00E3CBD7 = {
						CreatedOnToolsVersion = 10.2.1;
					};
				};
			};
			buildConfigurationList = 6B0AC73A2252FC5D00B58C69 /* Build configuration list for PBXProject "MemoryCrawler" */;
			compatibilityVersion = "Xcode 9.3";
			developmentRegion = en;
			hasScannedForEncodings = 0;
			knownRegions = (
				en,
			);
			mainGroup = 6B0AC7362252FC5D00B58C69;
			productRefGroup = 6B0AC7402252FC5D00B58C69 /* Products */;
			projectDirPath = "";
			projectRoot = "";
			targets = (
				6B0AC73E2252FC5D00B58C69 /* MemoryCrawler */,
				6BD1B059227F15FB00E3CBD7 /* UnityProfiler */,
			);
		};
/* End PBXProject section */

/* Begin PBXSourcesBuildPhase section */
		6B0AC73B2252FC5D00B58C69 /* Sources */ = {
			isa = PBXSourcesBuildPhase;
			buildActionMask = 2147483647;
			files = (
				6BE889A3225CA16B0029BB09 /* cache.cpp in Sources */,
				6BCA665022575EE100A4C96A /* crawler.cpp in Sources */,
				6B74B77222548A0900A69BC0 /* snapshot.cpp in Sources */,
				6B0AC7432252FC5D00B58C69 /* main.cpp in Sources */,
				6B5343722255B43F003CDBD0 /* serialize.cpp in Sources */,
				6B3498DB2269643400E7E4EC /* stat.cpp in Sources */,
				6BD1B06B227F1DD300E3CBD7 /* utils.cpp in Sources */,
				6B74B76F2254748200A69BC0 /* stream.cpp in Sources */,
				6BCA665322584B6100A4C96A /* heap.cpp in Sources */,
			);
			runOnlyForDeploymentPostprocessing = 0;
		};
		6BD1B056227F15FB00E3CBD7 /* Sources */ = {
			isa = PBXSourcesBuildPhase;
			buildActionMask = 2147483647;
			files = (
				6BD1B070227F2D7100E3CBD7 /* serialize.cpp in Sources */,
				6BD1B06E227F2D1000E3CBD7 /* crawler.cpp in Sources */,
				6BD1B068227F1C8700E3CBD7 /* record.cpp in Sources */,
				6BD1B073227F2D7D00E3CBD7 /* stat.cpp in Sources */,
				6BD1B05D227F15FB00E3CBD7 /* main.cpp in Sources */,
				6BD1B06F227F2D6E00E3CBD7 /* snapshot.cpp in Sources */,
				6BD1B06C227F252B00E3CBD7 /* stream.cpp in Sources */,
				6BD1B06D227F284900E3CBD7 /* utils.cpp in Sources */,
				6BD1B072227F2D7A00E3CBD7 /* cache.cpp in Sources */,
				6BD1B071227F2D7600E3CBD7 /* heap.cpp in Sources */,
			);
			runOnlyForDeploymentPostprocessing = 0;
		};
/* End PBXSourcesBuildPhase section */

/* Begin XCBuildConfiguration section */
		6B0AC7442252FC5D00B58C69 /* Debug */ = {
			isa = XCBuildConfiguration;
			buildSettings = {
				ALWAYS_SEARCH_USER_PATHS = NO;
				CLANG_ANALYZER_NONNULL = YES;
				CLANG_ANALYZER_NUMBER_OBJECT_CONVERSION = YES_AGGRESSIVE;
				CLANG_CXX_LANGUAGE_STANDARD = "gnu++14";
				CLANG_CXX_LIBRARY = "libc++";
				CLANG_ENABLE_MODULES = YES;
				CLANG_ENABLE_OBJC_ARC = YES;
				CLANG_ENABLE_OBJC_WEAK = YES;
				CLANG_WARN_BLOCK_CAPTURE_AUTORELEASING = YES;
				CLANG_WARN_BOOL_CONVERSION = YES;
				CLANG_WARN_COMMA = YES;
				CLANG_WARN_CONSTANT_CONVERSION = YES;
				CLANG_WARN_DEPRECATED_OBJC_IMPLEMENTATIONS = YES;
				CLANG_WARN_DIRECT_OBJC_ISA_USAGE = YES_ERROR;
				CLANG_WARN_DOCUMENTATION_COMMENTS = YES;
				CLANG_WARN_EMPTY_BODY = YES;
				CLANG_WARN_ENUM_CONVERSION = YES;
				CLANG_WARN_INFINITE_RECURSION = YES;
				CLANG_WARN_INT_CONVERSION = YES;
				CLANG_WARN_NON_LITERAL_NULL_CONVERSION = YES;
				CLANG_WARN_OBJC_IMPLICIT_RETAIN_SELF = YES;
				CLANG_WARN_OBJC_LITERAL_CONVERSION = YES;
				CLANG_WARN_OBJC_ROOT_CLASS = YES_ERROR;
				CLANG_WARN_RANGE_LOOP_ANALYSIS = YES;
				CLANG_WARN_STRICT_PROTOTYPES = YES;
				CLANG_WARN_SUSPICIOUS_MOVE = YES;
				CLANG_WARN_UNGUARDED_AVAILABILITY = YES_AGGRESSIVE;
				CLANG_WARN_UNREACHABLE_CODE = YES;
				CLANG_WARN__DUPLICATE_METHOD_MATCH = YES;
				CODE_SIGN_IDENTITY = "Mac Developer";
				COPY_PHASE_STRIP = NO;
				DEBUG_INFORMATION_FORMAT = dwarf;
				ENABLE_STRICT_OBJC_MSGSEND = YES;
				ENABLE_TESTABILITY = YES;
				GCC_C_LANGUAGE_STANDARD = gnu11;
				GCC_DYNAMIC_NO_PIC = NO;
				GCC_NO_COMMON_BLOCKS = YES;
				GCC_OPTIMIZATION_LEVEL = 0;
				GCC_PREPROCESSOR_DEFINITIONS = (
					"DEBUG=1",
					"$(inherited)",
				);
				GCC_WARN_64_TO_32_BIT_CONVERSION = YES;
				GCC_WARN_ABOUT_RETURN_TYPE = YES_ERROR;
				GCC_WARN_UNDECLARED_SELECTOR = YES;
				GCC_WARN_UNINITIALIZED_AUTOS = YES_AGGRESSIVE;
				GCC_WARN_UNUSED_FUNCTION = YES;
				GCC_WARN_UNUSED_VARIABLE = YES;
				MACOSX_DEPLOYMENT_TARGET = 10.14;
				MTL_ENABLE_DEBUG_INFO = INCLUDE_SOURCE;
				MTL_FAST_MATH = YES;
				ONLY_ACTIVE_ARCH = YES;
				SDKROOT = macosx;
			};
			name = Debug;
		};
		6B0AC7452252FC5D00B58C69 /* Release */ = {
			isa = XCBuildConfiguration;
			buildSettings = {
				ALWAYS_SEARCH_USER_PATHS = NO;
				CLANG_ANALYZER_NONNULL = YES;
				CLANG_ANALYZER_NUMBER_OBJECT_CONVERSION = YES_AGGRESSIVE;
				CLANG_CXX_LANGUAGE_STANDARD = "gnu++14";
				CLANG_CXX_LIBRARY = "libc++";
				CLANG_ENABLE_MODULES = YES;
				CLANG_ENABLE_OBJC_ARC = YES;
				CLANG_ENABLE_OBJC_WEAK = YES;
				CLANG_WARN_BLOCK_CAPTURE_AUTORELEASING = YES;
				CLANG_WARN_BOOL_CONVERSION = YES;
				CLANG_WARN_COMMA = YES;
				CLANG_WARN_CONSTANT_CONVERSION = YES;
				CLANG_WARN_DEPRECATED_OBJC_IMPLEMENTATIONS = YES;
				CLANG_WARN_DIRECT_OBJC_ISA_USAGE = YES_ERROR;
				CLANG_WARN_DOCUMENTATION_COMMENTS = YES;
				CLANG_WARN_EMPTY_BODY = YES;
				CLANG_WARN_ENUM_CONVERSION = YES;
				CLANG_WARN_INFINITE_RECURSION = YES;
				CLANG_WARN_INT_CONVERSION = YES;
				CLANG_WARN_NON_LITERAL_NULL_CONVERSION = YES;
				CLANG_WARN_OBJC_IMPLICIT_RETAIN_SELF = YES;
				CLANG_WARN_OBJC_LITERAL_CONVERSION = YES;
				CLANG_WARN_OBJC_ROOT_CLASS = YES_ERROR;
				CLANG_WARN_RANGE_LOOP_ANALYSIS = YES;
				CLANG_WARN_STRICT_PROTOTYPES = YES;
				CLANG_WARN_SUSPICIOUS_MOVE = YES;
				CLANG_WARN_UNGUARDED_AVAILABILITY = YES_AGGRESSIVE;
				CLANG_WARN_UNREACHABLE_CODE = YES;
				CLANG_WARN__DUPLICATE_METHOD_MATCH = YES;
				CODE_SIGN_IDENTITY = "Mac Developer";
				COPY_PHASE_STRIP = NO;
				DEBUG_INFORMATION_FORMAT = "dwarf-with-dsym";
				ENABLE_NS_ASSERTIONS = NO;
				ENABLE_STRICT_OBJC_MSGSEND = YES;
				GCC_C_LANGUAGE_STANDARD = gnu11;
				GCC_NO_COMMON_BLOCKS = YES;
				GCC_WARN_64_TO_32_BIT_CONVERSION = YES;
				GCC_WARN_ABOUT_RETURN_TYPE = YES_ERROR;
				GCC_WARN_UNDECLARED_SELECTOR = YES;
				GCC_WARN_UNINITIALIZED_AUTOS = YES_AGGRESSIVE;
				GCC_WARN_UNUSED_FUNCTION = YES;
				GCC_WARN_UNUSED_VARIABLE = YES;
				MACOSX_DEPLOYMENT_TARGET = 10.14;
				MTL_ENABLE_DEBUG_INFO = NO;
				MTL_FAST_MATH = YES;
				SDKROOT = macosx;
			};
			name = Release;
		};
		6B0AC7472252FC5D00B58C69 /* Debug */ = {
			isa = XCBuildConfiguration;
			buildSettings = {
				CODE_SIGN_STYLE = Automatic;
				DEPLOYMENT_LOCATION = YES;
				DEVELOPMENT_TEAM = PRLP6W5S32;
				DSTROOT = /;
				GCC_PREPROCESSOR_DEFINITIONS = (
					"DEBUG=1",
					"$(inherited)",
				);
				PRODUCT_NAME = "$(TARGET_NAME)";
			};
			name = Debug;
		};
		6B0AC7482252FC5D00B58C69 /* Release */ = {
			isa = XCBuildConfiguration;
			buildSettings = {
				CODE_SIGN_STYLE = Automatic;
				DEPLOYMENT_LOCATION = YES;
				DEVELOPMENT_TEAM = PRLP6W5S32;
				DSTROOT = /;
				PRODUCT_NAME = "$(TARGET_NAME)";
			};
			name = Release;
		};
		6BD1B05E227F15FB00E3CBD7 /* Debug */ = {
			isa = XCBuildConfiguration;
			buildSettings = {
				CODE_SIGN_STYLE = Automatic;
				DEPLOYMENT_LOCATION = YES;
				DEVELOPMENT_TEAM = PRLP6W5S32;
				DSTROOT = /;
				PRODUCT_NAME = "$(TARGET_NAME)";
			};
			name = Debug;
		};
		6BD1B05F227F15FB00E3CBD7 /* Release */ = {
			isa = XCBuildConfiguration;
			buildSettings = {
				CODE_SIGN_STYLE = Automatic;
				DEPLOYMENT_LOCATION = YES;
				DEVELOPMENT_TEAM = PRLP6W5S32;
				DSTROOT = /;
				PRODUCT_NAME = "$(TARGET_NAME)";
			};
			name = Release;
		};
/* End XCBuildConfiguration section */

/* Begin XCConfigurationList section */
		6B0AC73A2252FC5D00B58C69 /* Build configuration list for PBXProject "MemoryCrawler" */ = {
			isa = XCConfigurationList;
			buildConfigurations = (
				6B0AC7442252FC5D00B58C69 /* Debug */,
				6B0AC7452252FC5D00B58C69 /* Release */,
			);
			defaultConfigurationIsVisible = 0;
			defaultConfigurationName = Release;
		};
		6B0AC7462252FC5D00B58C69 /* Build configuration list for PBXNativeTarget "MemoryCrawler" */ = {
			isa = XCConfigurationList;
			buildConfigurations = (
				6B0AC7472252FC5D00B58C69 /* Debug */,
				6B0AC7482252FC5D00B58C69 /* Release */,
			);
			defaultConfigurationIsVisible = 0;
			defaultConfigurationName = Release;
		};
		6BD1B060227F15FB00E3CBD7 /* Build configuration list for PBXNativeTarget "UnityProfiler" */ = {
			isa = XCConfigurationList;
			buildConfigurations = (
				6BD1B05E227F15FB00E3CBD7 /* Debug */,
				6BD1B05F227F15FB00E3CBD7 /* Release */,
			);
			defaultConfigurationIsVisible = 0;
			defaultConfigurationName = Release;
		};
/* End XCConfigurationList section */
	};
	rootObject = 6B0AC7372252FC5D00B58C69 /* Project object */;
}
